
Microsoft Visual Studio Solution File, Format Version 12.00
# Visual Studio Version 17
VisualStudioVersion = 17.7.34202.233
MinimumVisualStudioVersion = 10.0.40219.1
Project("{FAE04EC0-301F-11D3-BF4B-00C04F79EFBC}") = "Create an OOP Based System project", "Create an OOP Based System project\Create an OOP Based System project.csproj", "{452828D9-6A88-4E89-9BDE-2B608355A79E}"
EndProject
Global
	GlobalSection(SolutionConfigurationPlatforms) = preSolution
		Debug|Any CPU = Debug|Any CPU
		Release|Any CPU = Release|Any CPU
	EndGlobalSection
	GlobalSection(ProjectConfigurationPlatforms) = postSolution
		{452828D9-6A88-4E89-9BDE-2B608355A79E}.Debug|Any CPU.ActiveCfg = Debug|Any CPU
		{452828D9-6A88-4E89-9BDE-2B608355A79E}.Debug|Any CPU.Build.0 = Debug|Any CPU
		{452828D9-6A88-4E89-9BDE-2B608355A79E}.Release|Any CPU.ActiveCfg = Release|Any CPU
		{452828D9-6A88-4E89-9BDE-2B608355A79E}.Release|Any CPU.Build.0 = Release|Any CPU
	EndGlobalSection
	GlobalSection(SolutionProperties) = preSolution
		HideSolutionNode = FALSE
	EndGlobalSection
	GlobalSection(ExtensibilityGlobals) = postSolution
		SolutionGuid = {E7AC2343-47B5-4718-AFEC-EA0A0E333D73}
	EndGlobalSection
EndGlobal
